// !$*UTF8*$!
{
	archiveVersion = 1;
	classes = {
	};
	objectVersion = 50;
	objects = {

/* Begin PBXBuildFile section */
		DEF6DF5E22E9637500F2ED71 /* AppDelegate.swift in Sources */ = {isa = PBXBuildFile; fileRef = DEF6DF5D22E9637500F2ED71 /* AppDelegate.swift */; };
		DEF6DF6022E9637500F2ED71 /* ViewController.swift in Sources */ = {isa = PBXBuildFile; fileRef = DEF6DF5F22E9637500F2ED71 /* ViewController.swift */; };
		DEF6DF6322E9637500F2ED71 /* Main.storyboard in Resources */ = {isa = PBXBuildFile; fileRef = DEF6DF6122E9637500F2ED71 /* Main.storyboard */; };
		DEF6DF6522E9637500F2ED71 /* Assets.xcassets in Resources */ = {isa = PBXBuildFile; fileRef = DEF6DF6422E9637500F2ED71 /* Assets.xcassets */; };
		DEF6DF6822E9637500F2ED71 /* LaunchScreen.storyboard in Resources */ = {isa = PBXBuildFile; fileRef = DEF6DF6622E9637500F2ED71 /* LaunchScreen.storyboard */; };
		DEF6DF7322E9637600F2ED71 /* hop_bopTests.swift in Sources */ = {isa = PBXBuildFile; fileRef = DEF6DF7222E9637600F2ED71 /* hop_bopTests.swift */; };
		DEF6DF7E22E9637600F2ED71 /* hop_bopUITests.swift in Sources */ = {isa = PBXBuildFile; fileRef = DEF6DF7D22E9637600F2ED71 /* hop_bopUITests.swift */; };
/* End PBXBuildFile section */

/* Begin PBXContainerItemProxy section */
		DEF6DF6F22E9637600F2ED71 /* PBXContainerItemProxy */ = {
			isa = PBXContainerItemProxy;
			containerPortal = DEF6DF5222E9637500F2ED71 /* Project object */;
			proxyType = 1;
			remoteGlobalIDString = DEF6DF5922E9637500F2ED71;
			remoteInfo = "hop&bop";
		};
		DEF6DF7A22E9637600F2ED71 /* PBXContainerItemProxy */ = {
			isa = PBXContainerItemProxy;
			containerPortal = DEF6DF5222E9637500F2ED71 /* Project object */;
			proxyType = 1;
			remoteGlobalIDString = DEF6DF5922E9637500F2ED71;
			remoteInfo = "hop&bop";
		};
/* End PBXContainerItemProxy section */

/* Begin PBXFileReference section */
		DEF6DF5A22E9637500F2ED71 /* hop&bop.app */ = {isa = PBXFileReference; explicitFileType = wrapper.application; includeInIndex = 0; path = "hop&bop.app"; sourceTree = BUILT_PRODUCTS_DIR; };
		DEF6DF5D22E9637500F2ED71 /* AppDelegate.swift */ = {isa = PBXFileReference; lastKnownFileType = sourcecode.swift; path = AppDelegate.swift; sourceTree = "<group>"; };
		DEF6DF5F22E9637500F2ED71 /* ViewController.swift */ = {isa = PBXFileReference; lastKnownFileType = sourcecode.swift; path = ViewController.swift; sourceTree = "<group>"; };
		DEF6DF6222E9637500F2ED71 /* Base */ = {isa = PBXFileReference; lastKnownFileType = file.storyboard; name = Base; path = Base.lproj/Main.storyboard; sourceTree = "<group>"; };
		DEF6DF6422E9637500F2ED71 /* Assets.xcassets */ = {isa = PBXFileReference; lastKnownFileType = folder.assetcatalog; path = Assets.xcassets; sourceTree = "<group>"; };
		DEF6DF6722E9637500F2ED71 /* Base */ = {isa = PBXFileReference; lastKnownFileType = file.storyboard; name = Base; path = Base.lproj/LaunchScreen.storyboard; sourceTree = "<group>"; };
		DEF6DF6922E9637500F2ED71 /* Info.plist */ = {isa = PBXFileReference; lastKnownFileType = text.plist.xml; path = Info.plist; sourceTree = "<group>"; };
		DEF6DF6E22E9637600F2ED71 /* hop&bopTests.xctest */ = {isa = PBXFileReference; explicitFileType = wrapper.cfbundle; includeInIndex = 0; path = "hop&bopTests.xctest"; sourceTree = BUILT_PRODUCTS_DIR; };
		DEF6DF7222E9637600F2ED71 /* hop_bopTests.swift */ = {isa = PBXFileReference; lastKnownFileType = sourcecode.swift; path = hop_bopTests.swift; sourceTree = "<group>"; };
		DEF6DF7422E9637600F2ED71 /* Info.plist */ = {isa = PBXFileReference; lastKnownFileType = text.plist.xml; path = Info.plist; sourceTree = "<group>"; };
		DEF6DF7922E9637600F2ED71 /* hop&bopUITests.xctest */ = {isa = PBXFileReference; explicitFileType = wrapper.cfbundle; includeInIndex = 0; path = "hop&bopUITests.xctest"; sourceTree = BUILT_PRODUCTS_DIR; };
		DEF6DF7D22E9637600F2ED71 /* hop_bopUITests.swift */ = {isa = PBXFileReference; lastKnownFileType = sourcecode.swift; path = hop_bopUITests.swift; sourceTree = "<group>"; };
		DEF6DF7F22E9637600F2ED71 /* Info.plist */ = {isa = PBXFileReference; lastKnownFileType = text.plist.xml; path = Info.plist; sourceTree = "<group>"; };
/* End PBXFileReference section */

/* Begin PBXFrameworksBuildPhase section */
		DEF6DF5722E9637500F2ED71 /* Frameworks */ = {
			isa = PBXFrameworksBuildPhase;
			buildActionMask = 2147483647;
			files = (
			);
			runOnlyForDeploymentPostprocessing = 0;
		};
		DEF6DF6B22E9637600F2ED71 /* Frameworks */ = {
			isa = PBXFrameworksBuildPhase;
			buildActionMask = 2147483647;
			files = (
			);
			runOnlyForDeploymentPostprocessing = 0;
		};
		DEF6DF7622E9637600F2ED71 /* Frameworks */ = {
			isa = PBXFrameworksBuildPhase;
			buildActionMask = 2147483647;
			files = (
			);
			runOnlyForDeploymentPostprocessing = 0;
		};
/* End PBXFrameworksBuildPhase section */

/* Begin PBXGroup section */
		DEF6DF5122E9637500F2ED71 = {
			isa = PBXGroup;
			children = (
				DEF6DF5C22E9637500F2ED71 /* hop&bop */,
				DEF6DF7122E9637600F2ED71 /* hop&bopTests */,
				DEF6DF7C22E9637600F2ED71 /* hop&bopUITests */,
				DEF6DF5B22E9637500F2ED71 /* Products */,
			);
			sourceTree = "<group>";
		};
		DEF6DF5B22E9637500F2ED71 /* Products */ = {
			isa = PBXGroup;
			children = (
				DEF6DF5A22E9637500F2ED71 /* hop&bop.app */,
				DEF6DF6E22E9637600F2ED71 /* hop&bopTests.xctest */,
				DEF6DF7922E9637600F2ED71 /* hop&bopUITests.xctest */,
			);
			name = Products;
			sourceTree = "<group>";
		};
		DEF6DF5C22E9637500F2ED71 /* hop&bop */ = {
			isa = PBXGroup;
			children = (
				DEF6DF5D22E9637500F2ED71 /* AppDelegate.swift */,
				DEF6DF5F22E9637500F2ED71 /* ViewController.swift */,
				DEF6DF6122E9637500F2ED71 /* Main.storyboard */,
				DEF6DF6422E9637500F2ED71 /* Assets.xcassets */,
				DEF6DF6622E9637500F2ED71 /* LaunchScreen.storyboard */,
				DEF6DF6922E9637500F2ED71 /* Info.plist */,
			);
			path = "hop&bop";
			sourceTree = "<group>";
		};
		DEF6DF7122E9637600F2ED71 /* hop&bopTests */ = {
			isa = PBXGroup;
			children = (
				DEF6DF7222E9637600F2ED71 /* hop_bopTests.swift */,
				DEF6DF7422E9637600F2ED71 /* Info.plist */,
			);
			path = "hop&bopTests";
			sourceTree = "<group>";
		};
		DEF6DF7C22E9637600F2ED71 /* hop&bopUITests */ = {
			isa = PBXGroup;
			children = (
				DEF6DF7D22E9637600F2ED71 /* hop_bopUITests.swift */,
				DEF6DF7F22E9637600F2ED71 /* Info.plist */,
			);
			path = "hop&bopUITests";
			sourceTree = "<group>";
		};
/* End PBXGroup section */

/* Begin PBXNativeTarget section */
		DEF6DF5922E9637500F2ED71 /* hop&bop */ = {
			isa = PBXNativeTarget;
			buildConfigurationList = DEF6DF8222E9637600F2ED71 /* Build configuration list for PBXNativeTarget "hop&bop" */;
			buildPhases = (
				DEF6DF5622E9637500F2ED71 /* Sources */,
				DEF6DF5722E9637500F2ED71 /* Frameworks */,
				DEF6DF5822E9637500F2ED71 /* Resources */,
			);
			buildRules = (
			);
			dependencies = (
			);
			name = "hop&bop";
			productName = "hop&bop";
			productReference = DEF6DF5A22E9637500F2ED71 /* hop&bop.app */;
			productType = "com.apple.product-type.application";
		};
		DEF6DF6D22E9637600F2ED71 /* hop&bopTests */ = {
			isa = PBXNativeTarget;
			buildConfigurationList = DEF6DF8522E9637600F2ED71 /* Build configuration list for PBXNativeTarget "hop&bopTests" */;
			buildPhases = (
				DEF6DF6A22E9637600F2ED71 /* Sources */,
				DEF6DF6B22E9637600F2ED71 /* Frameworks */,
				DEF6DF6C22E9637600F2ED71 /* Resources */,
			);
			buildRules = (
			);
			dependencies = (
				DEF6DF7022E9637600F2ED71 /* PBXTargetDependency */,
			);
			name = "hop&bopTests";
			productName = "hop&bopTests";
			productReference = DEF6DF6E22E9637600F2ED71 /* hop&bopTests.xctest */;
			productType = "com.apple.product-type.bundle.unit-test";
		};
		DEF6DF7822E9637600F2ED71 /* hop&bopUITests */ = {
			isa = PBXNativeTarget;
			buildConfigurationList = DEF6DF8822E9637600F2ED71 /* Build configuration list for PBXNativeTarget "hop&bopUITests" */;
			buildPhases = (
				DEF6DF7522E9637600F2ED71 /* Sources */,
				DEF6DF7622E9637600F2ED71 /* Frameworks */,
				DEF6DF7722E9637600F2ED71 /* Resources */,
			);
			buildRules = (
			);
			dependencies = (
				DEF6DF7B22E9637600F2ED71 /* PBXTargetDependency */,
			);
			name = "hop&bopUITests";
			productName = "hop&bopUITests";
			productReference = DEF6DF7922E9637600F2ED71 /* hop&bopUITests.xctest */;
			productType = "com.apple.product-type.bundle.ui-testing";
		};
/* End PBXNativeTarget section */

/* Begin PBXProject section */
		DEF6DF5222E9637500F2ED71 /* Project object */ = {
			isa = PBXProject;
			attributes = {
				LastSwiftUpdateCheck = 1030;
				LastUpgradeCheck = 1030;
				ORGANIZATIONNAME = "Haley Kim";
				TargetAttributes = {
					DEF6DF5922E9637500F2ED71 = {
						CreatedOnToolsVersion = 10.3;
					};
					DEF6DF6D22E9637600F2ED71 = {
						CreatedOnToolsVersion = 10.3;
						TestTargetID = DEF6DF5922E9637500F2ED71;
					};
					DEF6DF7822E9637600F2ED71 = {
						CreatedOnToolsVersion = 10.3;
						TestTargetID = DEF6DF5922E9637500F2ED71;
					};
				};
			};
			buildConfigurationList = DEF6DF5522E9637500F2ED71 /* Build configuration list for PBXProject "hop&bop" */;
			compatibilityVersion = "Xcode 9.3";
			developmentRegion = en;
			hasScannedForEncodings = 0;
			knownRegions = (
				en,
				Base,
			);
			mainGroup = DEF6DF5122E9637500F2ED71;
			productRefGroup = DEF6DF5B22E9637500F2ED71 /* Products */;
			projectDirPath = "";
			projectRoot = "";
			targets = (
				DEF6DF5922E9637500F2ED71 /* hop&bop */,
				DEF6DF6D22E9637600F2ED71 /* hop&bopTests */,
				DEF6DF7822E9637600F2ED71 /* hop&bopUITests */,
			);
		};
/* End PBXProject section */

/* Begin PBXResourcesBuildPhase section */
		DEF6DF5822E9637500F2ED71 /* Resources */ = {
			isa = PBXResourcesBuildPhase;
			buildActionMask = 2147483647;
			files = (
				DEF6DF6822E9637500F2ED71 /* LaunchScreen.storyboard in Resources */,
				DEF6DF6522E9637500F2ED71 /* Assets.xcassets in Resources */,
				DEF6DF6322E9637500F2ED71 /* Main.storyboard in Resources */,
			);
			runOnlyForDeploymentPostprocessing = 0;
		};
		DEF6DF6C22E9637600F2ED71 /* Resources */ = {
			isa = PBXResourcesBuildPhase;
			buildActionMask = 2147483647;
			files = (
			);
			runOnlyForDeploymentPostprocessing = 0;
		};
		DEF6DF7722E9637600F2ED71 /* Resources */ = {
			isa = PBXResourcesBuildPhase;
			buildActionMask = 2147483647;
			files = (
			);
			runOnlyForDeploymentPostprocessing = 0;
		};
/* End PBXResourcesBuildPhase section */

/* Begin PBXSourcesBuildPhase section */
		DEF6DF5622E9637500F2ED71 /* Sources */ = {
			isa = PBXSourcesBuildPhase;
			buildActionMask = 2147483647;
			files = (
				DEF6DF6022E9637500F2ED71 /* ViewController.swift in Sources */,
				DEF6DF5E22E9637500F2ED71 /* AppDelegate.swift in Sources */,
			);
			runOnlyForDeploymentPostprocessing = 0;
		};
		DEF6DF6A22E9637600F2ED71 /* Sources */ = {
			isa = PBXSourcesBuildPhase;
			buildActionMask = 2147483647;
			files = (
				DEF6DF7322E9637600F2ED71 /* hop_bopTests.swift in Sources */,
			);
			runOnlyForDeploymentPostprocessing = 0;
		};
		DEF6DF7522E9637600F2ED71 /* Sources */ = {
			isa = PBXSourcesBuildPhase;
			buildActionMask = 2147483647;
			files = (
				DEF6DF7E22E9637600F2ED71 /* hop_bopUITests.swift in Sources */,
			);
			runOnlyForDeploymentPostprocessing = 0;
		};
/* End PBXSourcesBuildPhase section */

/* Begin PBXTargetDependency section */
		DEF6DF7022E9637600F2ED71 /* PBXTargetDependency */ = {
			isa = PBXTargetDependency;
			target = DEF6DF5922E9637500F2ED71 /* hop&bop */;
			targetProxy = DEF6DF6F22E9637600F2ED71 /* PBXContainerItemProxy */;
		};
		DEF6DF7B22E9637600F2ED71 /* PBXTargetDependency */ = {
			isa = PBXTargetDependency;
			target = DEF6DF5922E9637500F2ED71 /* hop&bop */;
			targetProxy = DEF6DF7A22E9637600F2ED71 /* PBXContainerItemProxy */;
		};
/* End PBXTargetDependency section */

/* Begin PBXVariantGroup section */
		DEF6DF6122E9637500F2ED71 /* Main.storyboard */ = {
			isa = PBXVariantGroup;
			children = (
				DEF6DF6222E9637500F2ED71 /* Base */,
			);
			name = Main.storyboard;
			sourceTree = "<group>";
		};
		DEF6DF6622E9637500F2ED71 /* LaunchScreen.storyboard */ = {
			isa = PBXVariantGroup;
			children = (
				DEF6DF6722E9637500F2ED71 /* Base */,
			);
			name = LaunchScreen.storyboard;
			sourceTree = "<group>";
		};
/* End PBXVariantGroup section */

/* Begin XCBuildConfiguration section */
		DEF6DF8022E9637600F2ED71 /* Debug */ = {
			isa = XCBuildConfiguration;
			buildSettings = {
				ALWAYS_SEARCH_USER_PATHS = NO;
				CLANG_ANALYZER_NONNULL = YES;
				CLANG_ANALYZER_NUMBER_OBJECT_CONVERSION = YES_AGGRESSIVE;
				CLANG_CXX_LANGUAGE_STANDARD = "gnu++14";
				CLANG_CXX_LIBRARY = "libc++";
				CLANG_ENABLE_MODULES = YES;
				CLANG_ENABLE_OBJC_ARC = YES;
				CLANG_ENABLE_OBJC_WEAK = YES;
				CLANG_WARN_BLOCK_CAPTURE_AUTORELEASING = YES;
				CLANG_WARN_BOOL_CONVERSION = YES;
				CLANG_WARN_COMMA = YES;
				CLANG_WARN_CONSTANT_CONVERSION = YES;
				CLANG_WARN_DEPRECATED_OBJC_IMPLEMENTATIONS = YES;
				CLANG_WARN_DIRECT_OBJC_ISA_USAGE = YES_ERROR;
				CLANG_WARN_DOCUMENTATION_COMMENTS = YES;
				CLANG_WARN_EMPTY_BODY = YES;
				CLANG_WARN_ENUM_CONVERSION = YES;
				CLANG_WARN_INFINITE_RECURSION = YES;
				CLANG_WARN_INT_CONVERSION = YES;
				CLANG_WARN_NON_LITERAL_NULL_CONVERSION = YES;
				CLANG_WARN_OBJC_IMPLICIT_RETAIN_SELF = YES;
				CLANG_WARN_OBJC_LITERAL_CONVERSION = YES;
				CLANG_WARN_OBJC_ROOT_CLASS = YES_ERROR;
				CLANG_WARN_RANGE_LOOP_ANALYSIS = YES;
				CLANG_WARN_STRICT_PROTOTYPES = YES;
				CLANG_WARN_SUSPICIOUS_MOVE = YES;
				CLANG_WARN_UNGUARDED_AVAILABILITY = YES_AGGRESSIVE;
				CLANG_WARN_UNREACHABLE_CODE = YES;
				CLANG_WARN__DUPLICATE_METHOD_MATCH = YES;
				CODE_SIGN_IDENTITY = "iPhone Developer";
				COPY_PHASE_STRIP = NO;
				DEBUG_INFORMATION_FORMAT = dwarf;
				ENABLE_STRICT_OBJC_MSGSEND = YES;
				ENABLE_TESTABILITY = YES;
				GCC_C_LANGUAGE_STANDARD = gnu11;
				GCC_DYNAMIC_NO_PIC = NO;
				GCC_NO_COMMON_BLOCKS = YES;
				GCC_OPTIMIZATION_LEVEL = 0;
				GCC_PREPROCESSOR_DEFINITIONS = (
					"DEBUG=1",
					"$(inherited)",
				);
				GCC_WARN_64_TO_32_BIT_CONVERSION = YES;
				GCC_WARN_ABOUT_RETURN_TYPE = YES_ERROR;
				GCC_WARN_UNDECLARED_SELECTOR = YES;
				GCC_WARN_UNINITIALIZED_AUTOS = YES_AGGRESSIVE;
				GCC_WARN_UNUSED_FUNCTION = YES;
				GCC_WARN_UNUSED_VARIABLE = YES;
				IPHONEOS_DEPLOYMENT_TARGET = 12.4;
				MTL_ENABLE_DEBUG_INFO = INCLUDE_SOURCE;
				MTL_FAST_MATH = YES;
				ONLY_ACTIVE_ARCH = YES;
				SDKROOT = iphoneos;
				SWIFT_ACTIVE_COMPILATION_CONDITIONS = DEBUG;
				SWIFT_OPTIMIZATION_LEVEL = "-Onone";
			};
			name = Debug;
		};
		DEF6DF8122E9637600F2ED71 /* Release */ = {
			isa = XCBuildConfiguration;
			buildSettings = {
				ALWAYS_SEARCH_USER_PATHS = NO;
				CLANG_ANALYZER_NONNULL = YES;
				CLANG_ANALYZER_NUMBER_OBJECT_CONVERSION = YES_AGGRESSIVE;
				CLANG_CXX_LANGUAGE_STANDARD = "gnu++14";
				CLANG_CXX_LIBRARY = "libc++";
				CLANG_ENABLE_MODULES = YES;
				CLANG_ENABLE_OBJC_ARC = YES;
				CLANG_ENABLE_OBJC_WEAK = YES;
				CLANG_WARN_BLOCK_CAPTURE_AUTORELEASING = YES;
				CLANG_WARN_BOOL_CONVERSION = YES;
				CLANG_WARN_COMMA = YES;
				CLANG_WARN_CONSTANT_CONVERSION = YES;
				CLANG_WARN_DEPRECATED_OBJC_IMPLEMENTATIONS = YES;
				CLANG_WARN_DIRECT_OBJC_ISA_USAGE = YES_ERROR;
				CLANG_WARN_DOCUMENTATION_COMMENTS = YES;
				CLANG_WARN_EMPTY_BODY = YES;
				CLANG_WARN_ENUM_CONVERSION = YES;
				CLANG_WARN_INFINITE_RECURSION = YES;
				CLANG_WARN_INT_CONVERSION = YES;
				CLANG_WARN_NON_LITERAL_NULL_CONVERSION = YES;
				CLANG_WARN_OBJC_IMPLICIT_RETAIN_SELF = YES;
				CLANG_WARN_OBJC_LITERAL_CONVERSION = YES;
				CLANG_WARN_OBJC_ROOT_CLASS = YES_ERROR;
				CLANG_WARN_RANGE_LOOP_ANALYSIS = YES;
				CLANG_WARN_STRICT_PROTOTYPES = YES;
				CLANG_WARN_SUSPICIOUS_MOVE = YES;
				CLANG_WARN_UNGUARDED_AVAILABILITY = YES_AGGRESSIVE;
				CLANG_WARN_UNREACHABLE_CODE = YES;
				CLANG_WARN__DUPLICATE_METHOD_MATCH = YES;
				CODE_SIGN_IDENTITY = "iPhone Developer";
				COPY_PHASE_STRIP = NO;
				DEBUG_INFORMATION_FORMAT = "dwarf-with-dsym";
				ENABLE_NS_ASSERTIONS = NO;
				ENABLE_STRICT_OBJC_MSGSEND = YES;
				GCC_C_LANGUAGE_STANDARD = gnu11;
				GCC_NO_COMMON_BLOCKS = YES;
				GCC_WARN_64_TO_32_BIT_CONVERSION = YES;
				GCC_WARN_ABOUT_RETURN_TYPE = YES_ERROR;
				GCC_WARN_UNDECLARED_SELECTOR = YES;
				GCC_WARN_UNINITIALIZED_AUTOS = YES_AGGRESSIVE;
				GCC_WARN_UNUSED_FUNCTION = YES;
				GCC_WARN_UNUSED_VARIABLE = YES;
				IPHONEOS_DEPLOYMENT_TARGET = 12.4;
				MTL_ENABLE_DEBUG_INFO = NO;
				MTL_FAST_MATH = YES;
				SDKROOT = iphoneos;
				SWIFT_COMPILATION_MODE = wholemodule;
				SWIFT_OPTIMIZATION_LEVEL = "-O";
				VALIDATE_PRODUCT = YES;
			};
			name = Release;
		};
		DEF6DF8322E9637600F2ED71 /* Debug */ = {
			isa = XCBuildConfiguration;
			buildSettings = {
				ASSETCATALOG_COMPILER_APPICON_NAME = AppIcon;
				CODE_SIGN_STYLE = Automatic;
				DEVELOPMENT_TEAM = 8D29FLBK9X;
				INFOPLIST_FILE = "hop&bop/Info.plist";
				LD_RUNPATH_SEARCH_PATHS = (
					"$(inherited)",
					"@executable_path/Frameworks",
				);
				PRODUCT_BUNDLE_IDENTIFIER = "com.bobagals..hop-bop";
				PRODUCT_NAME = "$(TARGET_NAME)";
				SWIFT_VERSION = 5.0;
				TARGETED_DEVICE_FAMILY = "1,2";
			};
			name = Debug;
		};
		DEF6DF8422E9637600F2ED71 /* Release */ = {
			isa = XCBuildConfiguration;
			buildSettings = {
				ASSETCATALOG_COMPILER_APPICON_NAME = AppIcon;
				CODE_SIGN_STYLE = Automatic;
				DEVELOPMENT_TEAM = 8D29FLBK9X;
				INFOPLIST_FILE = "hop&bop/Info.plist";
				LD_RUNPATH_SEARCH_PATHS = (
					"$(inherited)",
					"@executable_path/Frameworks",
				);
				PRODUCT_BUNDLE_IDENTIFIER = "com.bobagals..hop-bop";
				PRODUCT_NAME = "$(TARGET_NAME)";
				SWIFT_VERSION = 5.0;
				TARGETED_DEVICE_FAMILY = "1,2";
			};
			name = Release;
		};
		DEF6DF8622E9637600F2ED71 /* Debug */ = {
			isa = XCBuildConfiguration;
			buildSettings = {
				ALWAYS_EMBED_SWIFT_STANDARD_LIBRARIES = YES;
				BUNDLE_LOADER = "$(TEST_HOST)";
				CODE_SIGN_STYLE = Automatic;
				DEVELOPMENT_TEAM = 8D29FLBK9X;
				INFOPLIST_FILE = "hop&bopTests/Info.plist";
				LD_RUNPATH_SEARCH_PATHS = (
					"$(inherited)",
					"@executable_path/Frameworks",
					"@loader_path/Frameworks",
				);
				PRODUCT_BUNDLE_IDENTIFIER = "com.bobagals..hop-bopTests";
				PRODUCT_NAME = "$(TARGET_NAME)";
				SWIFT_VERSION = 5.0;
				TARGETED_DEVICE_FAMILY = "1,2";
				TEST_HOST = "$(BUILT_PRODUCTS_DIR)/hop&bop.app/hop&bop";
			};
			name = Debug;
		};
		DEF6DF8722E9637600F2ED71 /* Release */ = {
			isa = XCBuildConfiguration;
			buildSettings = {
				ALWAYS_EMBED_SWIFT_STANDARD_LIBRARIES = YES;
				BUNDLE_LOADER = "$(TEST_HOST)";
				CODE_SIGN_STYLE = Automatic;
				DEVELOPMENT_TEAM = 8D29FLBK9X;
				INFOPLIST_FILE = "hop&bopTests/Info.plist";
				LD_RUNPATH_SEARCH_PATHS = (
					"$(inherited)",
					"@executable_path/Frameworks",
					"@loader_path/Frameworks",
				);
				PRODUCT_BUNDLE_IDENTIFIER = "com.bobagals..hop-bopTests";
				PRODUCT_NAME = "$(TARGET_NAME)";
				SWIFT_VERSION = 5.0;
				TARGETED_DEVICE_FAMILY = "1,2";
				TEST_HOST = "$(BUILT_PRODUCTS_DIR)/hop&bop.app/hop&bop";
			};
			name = Release;
		};
		DEF6DF8922E9637600F2ED71 /* Debug */ = {
			isa = XCBuildConfiguration;
			buildSettings = {
				ALWAYS_EMBED_SWIFT_STANDARD_LIBRARIES = YES;
				CODE_SIGN_STYLE = Automatic;
				DEVELOPMENT_TEAM = 8D29FLBK9X;
				INFOPLIST_FILE = "hop&bopUITests/Info.plist";
				LD_RUNPATH_SEARCH_PATHS = (
					"$(inherited)",
					"@executable_path/Frameworks",
					"@loader_path/Frameworks",
				);
				PRODUCT_BUNDLE_IDENTIFIER = "com.bobagals..hop-bopUITests";
				PRODUCT_NAME = "$(TARGET_NAME)";
				SWIFT_VERSION = 5.0;
				TARGETED_DEVICE_FAMILY = "1,2";
				TEST_TARGET_NAME = "hop&bop";
			};
			name = Debug;
		};
		DEF6DF8A22E9637600F2ED71 /* Release */ = {
			isa = XCBuildConfiguration;
			buildSettings = {
				ALWAYS_EMBED_SWIFT_STANDARD_LIBRARIES = YES;
				CODE_SIGN_STYLE = Automatic;
				DEVELOPMENT_TEAM = 8D29FLBK9X;
				INFOPLIST_FILE = "hop&bopUITests/Info.plist";
				LD_RUNPATH_SEARCH_PATHS = (
					"$(inherited)",
					"@executable_path/Frameworks",
					"@loader_path/Frameworks",
				);
				PRODUCT_BUNDLE_IDENTIFIER = "com.bobagals..hop-bopUITests";
				PRODUCT_NAME = "$(TARGET_NAME)";
				SWIFT_VERSION = 5.0;
				TARGETED_DEVICE_FAMILY = "1,2";
				TEST_TARGET_NAME = "hop&bop";
			};
			name = Release;
		};
/* End XCBuildConfiguration section */

/* Begin XCConfigurationList section */
		DEF6DF5522E9637500F2ED71 /* Build configuration list for PBXProject "hop&bop" */ = {
			isa = XCConfigurationList;
			buildConfigurations = (
				DEF6DF8022E9637600F2ED71 /* Debug */,
				DEF6DF8122E9637600F2ED71 /* Release */,
			);
			defaultConfigurationIsVisible = 0;
			defaultConfigurationName = Release;
		};
		DEF6DF8222E9637600F2ED71 /* Build configuration list for PBXNativeTarget "hop&bop" */ = {
			isa = XCConfigurationList;
			buildConfigurations = (
				DEF6DF8322E9637600F2ED71 /* Debug */,
				DEF6DF8422E9637600F2ED71 /* Release */,
			);
			defaultConfigurationIsVisible = 0;
			defaultConfigurationName = Release;
		};
		DEF6DF8522E9637600F2ED71 /* Build configuration list for PBXNativeTarget "hop&bopTests" */ = {
			isa = XCConfigurationList;
			buildConfigurations = (
				DEF6DF8622E9637600F2ED71 /* Debug */,
				DEF6DF8722E9637600F2ED71 /* Release */,
			);
			defaultConfigurationIsVisible = 0;
			defaultConfigurationName = Release;
		};
		DEF6DF8822E9637600F2ED71 /* Build configuration list for PBXNativeTarget "hop&bopUITests" */ = {
			isa = XCConfigurationList;
			buildConfigurations = (
				DEF6DF8922E9637600F2ED71 /* Debug */,
				DEF6DF8A22E9637600F2ED71 /* Release */,
			);
			defaultConfigurationIsVisible = 0;
			defaultConfigurationName = Release;
		};
/* End XCConfigurationList section */
	};
	rootObject = DEF6DF5222E9637500F2ED71 /* Project object */;
}
